
Microsoft Visual Studio Solution File, Format Version 12.00
# Visual Studio Version 17
VisualStudioVersion = 17.3.32922.545
MinimumVisualStudioVersion = 10.0.40219.1
Project("{8BC9CEB8-8B4A-11D0-8D11-00A0C91BC942}") = "mdflib", "mdflib.vcxproj", "{4EA4C08D-2555-493B-B3B6-0E26381D0A09}"
EndProject
Project("{8BC9CEB8-8B4A-11D0-8D11-00A0C91BC942}") = "mdflibrary", "mdflibrary\mdflibrary.vcxproj", "{B4BBB914-C5F3-4893-B4FF-3138BCF6782B}"
EndProject
Project("{9A19103F-16F7-4668-BE54-9A1E7A4F7556}") = "mdflibrary_test", "mdflibrary_test\mdflibrary_test.csproj", "{A97E947D-9E5E-46D4-BC0E-3C7D57E342A8}"
	ProjectSection(ProjectDependencies) = postProject
		{B4BBB914-C5F3-4893-B4FF-3138BCF6782B} = {B4BBB914-C5F3-4893-B4FF-3138BCF6782B}
		{4EA4C08D-2555-493B-B3B6-0E26381D0A09} = {4EA4C08D-2555-493B-B3B6-0E26381D0A09}
	EndProjectSection
EndProject
Global
	GlobalSection(SolutionConfigurationPlatforms) = preSolution
		Debug|x64 = Debug|x64
		Debug|x86 = Debug|x86
		Release|x64 = Release|x64
		Release|x86 = Release|x86
	EndGlobalSection
	GlobalSection(ProjectConfigurationPlatforms) = postSolution
		{4EA4C08D-2555-493B-B3B6-0E26381D0A09}.Debug|x64.ActiveCfg = Debug|x64
		{4EA4C08D-2555-493B-B3B6-0E26381D0A09}.Debug|x64.Build.0 = Debug|x64
		{4EA4C08D-2555-493B-B3B6-0E26381D0A09}.Debug|x86.ActiveCfg = Debug|Win32
		{4EA4C08D-2555-493B-B3B6-0E26381D0A09}.Debug|x86.Build.0 = Debug|Win32
		{4EA4C08D-2555-493B-B3B6-0E26381D0A09}.Release|x64.ActiveCfg = Release|x64
		{4EA4C08D-2555-493B-B3B6-0E26381D0A09}.Release|x64.Build.0 = Release|x64
		{4EA4C08D-2555-493B-B3B6-0E26381D0A09}.Release|x86.ActiveCfg = Release|Win32
		{4EA4C08D-2555-493B-B3B6-0E26381D0A09}.Release|x86.Build.0 = Release|Win32
		{B4BBB914-C5F3-4893-B4FF-3138BCF6782B}.Debug|x64.ActiveCfg = Debug|x64
		{B4BBB914-C5F3-4893-B4FF-3138BCF6782B}.Debug|x64.Build.0 = Debug|x64
		{B4BBB914-C5F3-4893-B4FF-3138BCF6782B}.Debug|x86.ActiveCfg = Debug|Win32
		{B4BBB914-C5F3-4893-B4FF-3138BCF6782B}.Debug|x86.Build.0 = Debug|Win32
		{B4BBB914-C5F3-4893-B4FF-3138BCF6782B}.Release|x64.ActiveCfg = Release|x64
		{B4BBB914-C5F3-4893-B4FF-3138BCF6782B}.Release|x64.Build.0 = Release|x64
		{B4BBB914-C5F3-4893-B4FF-3138BCF6782B}.Release|x86.ActiveCfg = Release|Win32
		{B4BBB914-C5F3-4893-B4FF-3138BCF6782B}.Release|x86.Build.0 = Release|Win32
		{A97E947D-9E5E-46D4-BC0E-3C7D57E342A8}.Debug|x64.ActiveCfg = Debug|Any CPU
		{A97E947D-9E5E-46D4-BC0E-3C7D57E342A8}.Debug|x64.Build.0 = Debug|Any CPU
		{A97E947D-9E5E-46D4-BC0E-3C7D57E342A8}.Debug|x86.ActiveCfg = Debug|Any CPU
		{A97E947D-9E5E-46D4-BC0E-3C7D57E342A8}.Debug|x86.Build.0 = Debug|Any CPU
		{A97E947D-9E5E-46D4-BC0E-3C7D57E342A8}.Release|x64.ActiveCfg = Release|x64
		{A97E947D-9E5E-46D4-BC0E-3C7D57E342A8}.Release|x64.Build.0 = Release|x64
		{A97E947D-9E5E-46D4-BC0E-3C7D57E342A8}.Release|x86.ActiveCfg = Release|Any CPU
		{A97E947D-9E5E-46D4-BC0E-3C7D57E342A8}.Release|x86.Build.0 = Release|Any CPU
	EndGlobalSection
	GlobalSection(SolutionProperties) = preSolution
		HideSolutionNode = FALSE
	EndGlobalSection
	GlobalSection(ExtensibilityGlobals) = postSolution
		SolutionGuid = {DE061038-9E40-4E84-94A8-66C4B2DA2E9B}
	EndGlobalSection
EndGlobal
