<?xml version="1.0" encoding="utf-8"?>
<Project ToolsVersion="4.0" xmlns="http://schemas.microsoft.com/developer/msbuild/2003">
  <ItemGroup>
    <ClCompile Include="AssemblyInfo.cpp">
      <Filter>Source Files</Filter>
    </ClCompile>
    <ClCompile Include="MdfAttachment.cpp">
      <Filter>Source Files</Filter>
    </ClCompile>
    <ClCompile Include="MdfChannel.cpp">
      <Filter>Source Files</Filter>
    </ClCompile>
    <ClCompile Include="MdfChannelArray.cpp">
      <Filter>Source Files</Filter>
    </ClCompile>
    <ClCompile Include="MdfChannelConversion.cpp">
      <Filter>Source Files</Filter>
    </ClCompile>
    <ClCompile Include="MdfChannelGroup.cpp">
      <Filter>Source Files</Filter>
    </ClCompile>
    <ClCompile Include="MdfChannelObserver.cpp">
      <Filter>Source Files</Filter>
    </ClCompile>
    <ClCompile Include="MdfDataGroup.cpp">
      <Filter>Source Files</Filter>
    </ClCompile>
    <ClCompile Include="MdfETag.cpp">
      <Filter>Source Files</Filter>
    </ClCompile>
    <ClCompile Include="MdfEvent.cpp">
      <Filter>Source Files</Filter>
    </ClCompile>
    <ClCompile Include="MdfFile.cpp">
      <Filter>Source Files</Filter>
    </ClCompile>
    <ClCompile Include="MdfFileHistory.cpp">
      <Filter>Source Files</Filter>
    </ClCompile>
    <ClCompile Include="MdfHeader.cpp">
      <Filter>Source Files</Filter>
    </ClCompile>
    <ClCompile Include="mdflibrary.cpp">
      <Filter>Source Files</Filter>
    </ClCompile>
    <ClCompile Include="MdfMetaData.cpp">
      <Filter>Source Files</Filter>
    </ClCompile>
    <ClCompile Include="MdfReader.cpp">
      <Filter>Source Files</Filter>
    </ClCompile>
    <ClCompile Include="MdfSourceInformation.cpp">
      <Filter>Source Files</Filter>
    </ClCompile>
    <ClCompile Include="MdfWriter.cpp">
      <Filter>Source Files</Filter>
    </ClCompile>
  </ItemGroup>
  <ItemGroup>
    <ClInclude Include="..\include\mdflibrary\MdfExport.h">
      <Filter>Header Files</Filter>
    </ClInclude>
    <ClInclude Include="MdfAttachment.h">
      <Filter>Source Files</Filter>
    </ClInclude>
    <ClInclude Include="MdfChannel.h">
      <Filter>Source Files</Filter>
    </ClInclude>
    <ClInclude Include="MdfChannelArray.h">
      <Filter>Source Files</Filter>
    </ClInclude>
    <ClInclude Include="MdfChannelConversion.h">
      <Filter>Source Files</Filter>
    </ClInclude>
    <ClInclude Include="MdfChannelGroup.h">
      <Filter>Source Files</Filter>
    </ClInclude>
    <ClInclude Include="MdfChannelObserver.h">
      <Filter>Source Files</Filter>
    </ClInclude>
    <ClInclude Include="MdfDataGroup.h">
      <Filter>Source Files</Filter>
    </ClInclude>
    <ClInclude Include="MdfETag.h">
      <Filter>Source Files</Filter>
    </ClInclude>
    <ClInclude Include="MdfEvent.h">
      <Filter>Source Files</Filter>
    </ClInclude>
    <ClInclude Include="MdfFile.h">
      <Filter>Source Files</Filter>
    </ClInclude>
    <ClInclude Include="MdfFileHistory.h">
      <Filter>Source Files</Filter>
    </ClInclude>
    <ClInclude Include="MdfHeader.h">
      <Filter>Source Files</Filter>
    </ClInclude>
    <ClInclude Include="mdflibrary.h">
      <Filter>Source Files</Filter>
    </ClInclude>
    <ClInclude Include="MdfMetaData.h">
      <Filter>Source Files</Filter>
    </ClInclude>
    <ClInclude Include="MdfReader.h">
      <Filter>Source Files</Filter>
    </ClInclude>
    <ClInclude Include="MdfSourceInformation.h">
      <Filter>Source Files</Filter>
    </ClInclude>
    <ClInclude Include="MdfWriter.h">
      <Filter>Source Files</Filter>
    </ClInclude>
  </ItemGroup>
  <ItemGroup>
    <Filter Include="Header Files">
      <UniqueIdentifier>{c68f2997-efa2-4cf0-b3a1-f02bc58fe116}</UniqueIdentifier>
    </Filter>
    <Filter Include="Source Files">
      <UniqueIdentifier>{63554722-24e6-451d-a684-a26ea73012d1}</UniqueIdentifier>
    </Filter>
    <Filter Include="Resource Files">
      <UniqueIdentifier>{378f55bb-ccb4-43b0-b961-82541a8c48de}</UniqueIdentifier>
    </Filter>
  </ItemGroup>
</Project>